
Microsoft Visual Studio Solution File, Format Version 12.00
# Visual Studio Version 17
VisualStudioVersion = 17.9.34728.123
MinimumVisualStudioVersion = 10.0.40219.1
Project("{888888A0-9F3D-457C-B088-3A5042F75D52}") = "PythonApplication3b", "PythonApplication3b\PythonApplication3b.pyproj", "{A6D7B3A5-8758-438C-ACBD-E39B2D7DAE91}"
EndProject
Global
	GlobalSection(SolutionConfigurationPlatforms) = preSolution
		Debug|Any CPU = Debug|Any CPU
		Release|Any CPU = Release|Any CPU
	EndGlobalSection
	GlobalSection(ProjectConfigurationPlatforms) = postSolution
		{A6D7B3A5-8758-438C-ACBD-E39B2D7DAE91}.Debug|Any CPU.ActiveCfg = Debug|Any CPU
		{A6D7B3A5-8758-438C-ACBD-E39B2D7DAE91}.Release|Any CPU.ActiveCfg = Release|Any CPU
	EndGlobalSection
	GlobalSection(SolutionProperties) = preSolution
		HideSolutionNode = FALSE
	EndGlobalSection
	GlobalSection(ExtensibilityGlobals) = postSolution
		SolutionGuid = {B216F1DE-D8D2-469F-8B74-BAD06494CCA7}
	EndGlobalSection
EndGlobal
